
Microsoft Visual Studio Solution File, Format Version 12.00
# Visual Studio Version 17
VisualStudioVersion = 17.10.35013.160
MinimumVisualStudioVersion = 10.0.40219.1
Project("{FAE04EC0-301F-11D3-BF4B-00C04F79EFBC}") = "HospitalAPI", "HospitalAPI\HospitalAPI.csproj", "{DB04DB5F-BD88-4986-B461-843065D17F1B}"
EndProject
Global
	GlobalSection(SolutionConfigurationPlatforms) = preSolution
		Debug|Any CPU = Debug|Any CPU
		Release|Any CPU = Release|Any CPU
	EndGlobalSection
	GlobalSection(ProjectConfigurationPlatforms) = postSolution
		{DB04DB5F-BD88-4986-B461-843065D17F1B}.Debug|Any CPU.ActiveCfg = Debug|Any CPU
		{DB04DB5F-BD88-4986-B461-843065D17F1B}.Debug|Any CPU.Build.0 = Debug|Any CPU
		{DB04DB5F-BD88-4986-B461-843065D17F1B}.Release|Any CPU.ActiveCfg = Release|Any CPU
		{DB04DB5F-BD88-4986-B461-843065D17F1B}.Release|Any CPU.Build.0 = Release|Any CPU
	EndGlobalSection
	GlobalSection(SolutionProperties) = preSolution
		HideSolutionNode = FALSE
	EndGlobalSection
	GlobalSection(ExtensibilityGlobals) = postSolution
		SolutionGuid = {305FA62F-23A1-4FA3-8BCE-5BBF3F35CA3D}
	EndGlobalSection
EndGlobal
